
Microsoft Visual Studio Solution File, Format Version 12.00
# Visual Studio Version 17
VisualStudioVersion = 17.11.35327.3
MinimumVisualStudioVersion = 10.0.40219.1
Project("{FAE04EC0-301F-11D3-BF4B-00C04F79EFBC}") = "project_addition_app", "project_addition_app.csproj", "{BF30914C-BE9A-43B5-896D-F81C7EA4E520}"
EndProject
Global
	GlobalSection(SolutionConfigurationPlatforms) = preSolution
		Debug|Any CPU = Debug|Any CPU
		Release|Any CPU = Release|Any CPU
	EndGlobalSection
	GlobalSection(ProjectConfigurationPlatforms) = postSolution
		{BF30914C-BE9A-43B5-896D-F81C7EA4E520}.Debug|Any CPU.ActiveCfg = Debug|Any CPU
		{BF30914C-BE9A-43B5-896D-F81C7EA4E520}.Debug|Any CPU.Build.0 = Debug|Any CPU
		{BF30914C-BE9A-43B5-896D-F81C7EA4E520}.Release|Any CPU.ActiveCfg = Release|Any CPU
		{BF30914C-BE9A-43B5-896D-F81C7EA4E520}.Release|Any CPU.Build.0 = Release|Any CPU
	EndGlobalSection
	GlobalSection(SolutionProperties) = preSolution
		HideSolutionNode = FALSE
	EndGlobalSection
	GlobalSection(ExtensibilityGlobals) = postSolution
		SolutionGuid = {7522F1B9-8C50-42DE-A98C-A2CE6EBAF884}
	EndGlobalSection
EndGlobal
